
Microsoft Visual Studio Solution File, Format Version 12.00
# Visual Studio Version 17
VisualStudioVersion = 17.10.35027.167
MinimumVisualStudioVersion = 10.0.40219.1
Project("{FAE04EC0-301F-11D3-BF4B-00C04F79EFBC}") = "WebhookTest", "WebhookTest\WebhookTest.csproj", "{299DE31B-B9F2-491B-8C30-9BD436E7041B}"
EndProject
Global
	GlobalSection(SolutionConfigurationPlatforms) = preSolution
		Debug|Any CPU = Debug|Any CPU
		Release|Any CPU = Release|Any CPU
	EndGlobalSection
	GlobalSection(ProjectConfigurationPlatforms) = postSolution
		{299DE31B-B9F2-491B-8C30-9BD436E7041B}.Debug|Any CPU.ActiveCfg = Debug|Any CPU
		{299DE31B-B9F2-491B-8C30-9BD436E7041B}.Debug|Any CPU.Build.0 = Debug|Any CPU
		{299DE31B-B9F2-491B-8C30-9BD436E7041B}.Release|Any CPU.ActiveCfg = Release|Any CPU
		{299DE31B-B9F2-491B-8C30-9BD436E7041B}.Release|Any CPU.Build.0 = Release|Any CPU
	EndGlobalSection
	GlobalSection(SolutionProperties) = preSolution
		HideSolutionNode = FALSE
	EndGlobalSection
	GlobalSection(ExtensibilityGlobals) = postSolution
		SolutionGuid = {78C120DD-287E-4FFE-865F-CD7ADE9AC60B}
	EndGlobalSection
EndGlobal
